
Microsoft Visual Studio Solution File, Format Version 12.00
# Visual Studio Version 17
VisualStudioVersion = 17.0.31717.71
MinimumVisualStudioVersion = 10.0.40219.1
Project("{9A19103F-16F7-4668-BE54-9A1E7A4F7556}") = "SignR_MudBlazor", "SignR_MudBlazor.csproj", "{D89A50DF-5B91-43FE-9628-A4B639576203}"
EndProject
Global
	GlobalSection(SolutionConfigurationPlatforms) = preSolution
		Debug|Any CPU = Debug|Any CPU
		Release|Any CPU = Release|Any CPU
	EndGlobalSection
	GlobalSection(ProjectConfigurationPlatforms) = postSolution
		{D89A50DF-5B91-43FE-9628-A4B639576203}.Debug|Any CPU.ActiveCfg = Debug|Any CPU
		{D89A50DF-5B91-43FE-9628-A4B639576203}.Debug|Any CPU.Build.0 = Debug|Any CPU
		{D89A50DF-5B91-43FE-9628-A4B639576203}.Release|Any CPU.ActiveCfg = Release|Any CPU
		{D89A50DF-5B91-43FE-9628-A4B639576203}.Release|Any CPU.Build.0 = Release|Any CPU
	EndGlobalSection
	GlobalSection(SolutionProperties) = preSolution
		HideSolutionNode = FALSE
	EndGlobalSection
	GlobalSection(ExtensibilityGlobals) = postSolution
		SolutionGuid = {F0D66E6F-830E-4257-9074-D61D48CED67F}
	EndGlobalSection
EndGlobal